
Microsoft Visual Studio Solution File, Format Version 12.00
# Visual Studio Version 16
VisualStudioVersion = 16.0.30907.101
MinimumVisualStudioVersion = 10.0.40219.1
Project("{FAE04EC0-301F-11D3-BF4B-00C04F79EFBC}") = "No 096 Frustration", "No 096 Frustration\No 096 Frustration.csproj", "{5C35A2FD-5EDF-4131-8AAF-C3DF40159D30}"
EndProject
Global
	GlobalSection(SolutionConfigurationPlatforms) = preSolution
		Debug|Any CPU = Debug|Any CPU
		Release|Any CPU = Release|Any CPU
	EndGlobalSection
	GlobalSection(ProjectConfigurationPlatforms) = postSolution
		{5C35A2FD-5EDF-4131-8AAF-C3DF40159D30}.Debug|Any CPU.ActiveCfg = Debug|Any CPU
		{5C35A2FD-5EDF-4131-8AAF-C3DF40159D30}.Debug|Any CPU.Build.0 = Debug|Any CPU
		{5C35A2FD-5EDF-4131-8AAF-C3DF40159D30}.Release|Any CPU.ActiveCfg = Release|Any CPU
		{5C35A2FD-5EDF-4131-8AAF-C3DF40159D30}.Release|Any CPU.Build.0 = Release|Any CPU
	EndGlobalSection
	GlobalSection(SolutionProperties) = preSolution
		HideSolutionNode = FALSE
	EndGlobalSection
	GlobalSection(ExtensibilityGlobals) = postSolution
		SolutionGuid = {28D11AB6-7424-4890-8092-0FC53270CD9F}
	EndGlobalSection
EndGlobal
